
Microsoft Visual Studio Solution File, Format Version 12.00
# Visual Studio Version 17
VisualStudioVersion = 17.0.32126.317
MinimumVisualStudioVersion = 10.0.40219.1
Project("{FAE04EC0-301F-11D3-BF4B-00C04F79EFBC}") = "ChroMapper-LessTransparentNotes", "ChroMapper-LessTransparentNotes\ChroMapper-LessTransparentNotes.csproj", "{F5DF31A8-7AC3-4BA7-B374-4DB284FEB442}"
EndProject
Global
	GlobalSection(SolutionConfigurationPlatforms) = preSolution
		Debug|Any CPU = Debug|Any CPU
		Release|Any CPU = Release|Any CPU
	EndGlobalSection
	GlobalSection(ProjectConfigurationPlatforms) = postSolution
		{F5DF31A8-7AC3-4BA7-B374-4DB284FEB442}.Debug|Any CPU.ActiveCfg = Debug|Any CPU
		{F5DF31A8-7AC3-4BA7-B374-4DB284FEB442}.Debug|Any CPU.Build.0 = Debug|Any CPU
		{F5DF31A8-7AC3-4BA7-B374-4DB284FEB442}.Release|Any CPU.ActiveCfg = Release|Any CPU
		{F5DF31A8-7AC3-4BA7-B374-4DB284FEB442}.Release|Any CPU.Build.0 = Release|Any CPU
	EndGlobalSection
	GlobalSection(SolutionProperties) = preSolution
		HideSolutionNode = FALSE
	EndGlobalSection
	GlobalSection(ExtensibilityGlobals) = postSolution
		SolutionGuid = {35A3297F-BE33-49C1-8A65-ECE110E98CC5}
	EndGlobalSection
EndGlobal
