
Microsoft Visual Studio Solution File, Format Version 12.00
# Visual Studio Version 17
VisualStudioVersion = 17.2.32616.157
MinimumVisualStudioVersion = 10.0.40219.1
Project("{FAE04EC0-301F-11D3-BF4B-00C04F79EFBC}") = "ChroMapper-TimelineInputBlocker", "ChroMapper-TimelineInputBlocker\ChroMapper-TimelineInputBlocker.csproj", "{46996EC1-6D67-4787-A08B-9C687025781E}"
EndProject
Global
	GlobalSection(SolutionConfigurationPlatforms) = preSolution
		Debug|Any CPU = Debug|Any CPU
		Release|Any CPU = Release|Any CPU
	EndGlobalSection
	GlobalSection(ProjectConfigurationPlatforms) = postSolution
		{46996EC1-6D67-4787-A08B-9C687025781E}.Debug|Any CPU.ActiveCfg = Debug|Any CPU
		{46996EC1-6D67-4787-A08B-9C687025781E}.Debug|Any CPU.Build.0 = Debug|Any CPU
		{46996EC1-6D67-4787-A08B-9C687025781E}.Release|Any CPU.ActiveCfg = Release|Any CPU
		{46996EC1-6D67-4787-A08B-9C687025781E}.Release|Any CPU.Build.0 = Release|Any CPU
	EndGlobalSection
	GlobalSection(SolutionProperties) = preSolution
		HideSolutionNode = FALSE
	EndGlobalSection
	GlobalSection(ExtensibilityGlobals) = postSolution
		SolutionGuid = {77156249-8168-4B79-B450-664EF881439A}
	EndGlobalSection
EndGlobal
