
Microsoft Visual Studio Solution File, Format Version 12.00
# Visual Studio Version 17
VisualStudioVersion = 17.0.32126.317
MinimumVisualStudioVersion = 10.0.40219.1
Project("{FAE04EC0-301F-11D3-BF4B-00C04F79EFBC}") = "ChroMapper-SeekToSelection", "ChroMapper-SeekToSelection\ChroMapper-SeekToSelection.csproj", "{3E92D985-BA89-400A-A31A-FD9C2017E91C}"
EndProject
Global
	GlobalSection(SolutionConfigurationPlatforms) = preSolution
		Debug|Any CPU = Debug|Any CPU
		Release|Any CPU = Release|Any CPU
	EndGlobalSection
	GlobalSection(ProjectConfigurationPlatforms) = postSolution
		{3E92D985-BA89-400A-A31A-FD9C2017E91C}.Debug|Any CPU.ActiveCfg = Debug|Any CPU
		{3E92D985-BA89-400A-A31A-FD9C2017E91C}.Debug|Any CPU.Build.0 = Debug|Any CPU
		{3E92D985-BA89-400A-A31A-FD9C2017E91C}.Release|Any CPU.ActiveCfg = Release|Any CPU
		{3E92D985-BA89-400A-A31A-FD9C2017E91C}.Release|Any CPU.Build.0 = Release|Any CPU
	EndGlobalSection
	GlobalSection(SolutionProperties) = preSolution
		HideSolutionNode = FALSE
	EndGlobalSection
	GlobalSection(ExtensibilityGlobals) = postSolution
		SolutionGuid = {822C3782-98A2-4495-87A9-A01C6BA06765}
	EndGlobalSection
EndGlobal
