
Microsoft Visual Studio Solution File, Format Version 12.00
# Visual Studio Version 17
VisualStudioVersion = 17.0.32126.317
MinimumVisualStudioVersion = 10.0.40219.1
Project("{FAE04EC0-301F-11D3-BF4B-00C04F79EFBC}") = "ChroMapper-LongerGrid", "ChroMapper-LongerGrid\ChroMapper-LongerGrid.csproj", "{ABAB121E-00C5-4A83-8047-10CAB25AF8D7}"
EndProject
Global
	GlobalSection(SolutionConfigurationPlatforms) = preSolution
		Debug|Any CPU = Debug|Any CPU
		Release|Any CPU = Release|Any CPU
	EndGlobalSection
	GlobalSection(ProjectConfigurationPlatforms) = postSolution
		{ABAB121E-00C5-4A83-8047-10CAB25AF8D7}.Debug|Any CPU.ActiveCfg = Debug|Any CPU
		{ABAB121E-00C5-4A83-8047-10CAB25AF8D7}.Debug|Any CPU.Build.0 = Debug|Any CPU
		{ABAB121E-00C5-4A83-8047-10CAB25AF8D7}.Release|Any CPU.ActiveCfg = Release|Any CPU
		{ABAB121E-00C5-4A83-8047-10CAB25AF8D7}.Release|Any CPU.Build.0 = Release|Any CPU
	EndGlobalSection
	GlobalSection(SolutionProperties) = preSolution
		HideSolutionNode = FALSE
	EndGlobalSection
	GlobalSection(ExtensibilityGlobals) = postSolution
		SolutionGuid = {2CB57E21-9EA9-46C4-8517-BCD3D27469BA}
	EndGlobalSection
EndGlobal
