
Microsoft Visual Studio Solution File, Format Version 12.00
# Visual Studio Version 17
VisualStudioVersion = 17.0.32126.317
MinimumVisualStudioVersion = 10.0.40219.1
Project("{FAE04EC0-301F-11D3-BF4B-00C04F79EFBC}") = "ChroMapper-GridBookmarks", "ChroMapper-GridBookmarks\ChroMapper-GridBookmarks.csproj", "{13313200-B072-44B8-A976-364B6508EB41}"
EndProject
Global
	GlobalSection(SolutionConfigurationPlatforms) = preSolution
		Debug|Any CPU = Debug|Any CPU
		Release|Any CPU = Release|Any CPU
	EndGlobalSection
	GlobalSection(ProjectConfigurationPlatforms) = postSolution
		{13313200-B072-44B8-A976-364B6508EB41}.Debug|Any CPU.ActiveCfg = Debug|Any CPU
		{13313200-B072-44B8-A976-364B6508EB41}.Debug|Any CPU.Build.0 = Debug|Any CPU
		{13313200-B072-44B8-A976-364B6508EB41}.Release|Any CPU.ActiveCfg = Release|Any CPU
		{13313200-B072-44B8-A976-364B6508EB41}.Release|Any CPU.Build.0 = Release|Any CPU
	EndGlobalSection
	GlobalSection(SolutionProperties) = preSolution
		HideSolutionNode = FALSE
	EndGlobalSection
	GlobalSection(ExtensibilityGlobals) = postSolution
		SolutionGuid = {09C47CE0-9D68-4E8E-B207-A24F7BB8127F}
	EndGlobalSection
EndGlobal
